{
  "name": "@onedotmint/smart-search",
  "version": "0.3.0",
  "lockfileVersion": 3,
  "requires": true,
  "packages": {
    "": {
      "name": "@onedotmint/smart-search",
      "version": "0.3.0",
      "hasInstallScript": true,
      "license": "MIT",
      "bin": {
        "smart-search": "npm/bin/smart-search.js"
      },
      "engines": {
        "node": ">=18"
      }
    }
  }
}
